
Microsoft Visual Studio Solution File, Format Version 12.00
# Visual Studio Version 16
VisualStudioVersion = 16.0.30804.86
MinimumVisualStudioVersion = 10.0.40219.1
Project("{9A19103F-16F7-4668-BE54-9A1E7A4F7556}") = "Schrittkettencontroller", "Schrittkettencontroller.csproj", "{9EF3DBA1-75CD-4F19-9C35-769E9397270C}"
EndProject
Global
	GlobalSection(SolutionConfigurationPlatforms) = preSolution
		Debug|Any CPU = Debug|Any CPU
		Release|Any CPU = Release|Any CPU
	EndGlobalSection
	GlobalSection(ProjectConfigurationPlatforms) = postSolution
		{9EF3DBA1-75CD-4F19-9C35-769E9397270C}.Debug|Any CPU.ActiveCfg = Debug|Any CPU
		{9EF3DBA1-75CD-4F19-9C35-769E9397270C}.Debug|Any CPU.Build.0 = Debug|Any CPU
		{9EF3DBA1-75CD-4F19-9C35-769E9397270C}.Release|Any CPU.ActiveCfg = Release|Any CPU
		{9EF3DBA1-75CD-4F19-9C35-769E9397270C}.Release|Any CPU.Build.0 = Release|Any CPU
	EndGlobalSection
	GlobalSection(SolutionProperties) = preSolution
		HideSolutionNode = FALSE
	EndGlobalSection
	GlobalSection(ExtensibilityGlobals) = postSolution
		SolutionGuid = {1F1F53C2-7293-463E-99C2-083E4B0FCC73}
	EndGlobalSection
EndGlobal
